// !$*UTF8*$!
{
	archiveVersion = 1;
	classes = {
	};
	objectVersion = 77;
	objects = {

/* Begin PBXBuildFile section */
		14603AA5921BC560B952F3E9 /* DMPUtilPathTests.swift in Sources */ = {isa = PBXBuildFile; fileRef = 61DD3E623362F9D7264941CD /* DMPUtilPathTests.swift */; };
		1A2B3C4D5E6F700000000001 /* Alamofire in Frameworks */ = {isa = PBXBuildFile; productRef = 1A2B3C4D5E6F700000000101 /* Alamofire */; };
		1A2B3C4D5E6F700000000002 /* MMKV in Frameworks */ = {isa = PBXBuildFile; productRef = 1A2B3C4D5E6F700000000102 /* MMKV */; };
		1A2B3C4D5E6F700000000003 /* ZIPFoundation in Frameworks */ = {isa = PBXBuildFile; productRef = 1A2B3C4D5E6F700000000103 /* ZIPFoundation */; };
		D3AF9DC58D4F29D8D2A8F71F /* Foundation.framework in Frameworks */ = {isa = PBXBuildFile; fileRef = 2EAA9C0614F7638987B22EAC /* Foundation.framework */; };
/* End PBXBuildFile section */

/* Begin PBXContainerItemProxy section */
		425BDC30CA314D645195B564 /* PBXContainerItemProxy */ = {
			isa = PBXContainerItemProxy;
			containerPortal = 0A6F85D02DAE3D7D0047A006 /* Project object */;
			proxyType = 1;
			remoteGlobalIDString = 0A6F85D72DAE3D7D0047A006;
			remoteInfo = dimina;
		};
/* End PBXContainerItemProxy section */

/* Begin PBXFileReference section */
		0A6F85D82DAE3D7D0047A006 /* dimina.app */ = {isa = PBXFileReference; explicitFileType = wrapper.application; includeInIndex = 0; path = dimina.app; sourceTree = BUILT_PRODUCTS_DIR; };
		2EAA9C0614F7638987B22EAC /* Foundation.framework */ = {isa = PBXFileReference; lastKnownFileType = wrapper.framework; name = Foundation.framework; path = System/Library/Frameworks/Foundation.framework; sourceTree = SDKROOT; };
		5D995E363EB06797E5E3DB0D /* diminaTests.xctest */ = {isa = PBXFileReference; explicitFileType = wrapper.cfbundle; includeInIndex = 0; path = diminaTests.xctest; sourceTree = BUILT_PRODUCTS_DIR; };
		61DD3E623362F9D7264941CD /* DMPUtilPathTests.swift */ = {isa = PBXFileReference; includeInIndex = 1; lastKnownFileType = sourcecode.swift; path = DMPUtilPathTests.swift; sourceTree = "<group>"; };
/* End PBXFileReference section */

/* Begin PBXFileSystemSynchronizedRootGroup section */
		0A6F85DA2DAE3D7D0047A006 /* dimina */ = {
			isa = PBXFileSystemSynchronizedRootGroup;
			exceptions = (
			);
			path = dimina;
			sourceTree = "<group>";
		};
/* End PBXFileSystemSynchronizedRootGroup section */

/* Begin PBXFrameworksBuildPhase section */
		0A6F85D52DAE3D7D0047A006 /* Frameworks */ = {
			isa = PBXFrameworksBuildPhase;
			buildActionMask = 2147483647;
			files = (
				1A2B3C4D5E6F700000000001 /* Alamofire in Frameworks */,
				1A2B3C4D5E6F700000000002 /* MMKV in Frameworks */,
				1A2B3C4D5E6F700000000003 /* ZIPFoundation in Frameworks */,
			);
			runOnlyForDeploymentPostprocessing = 0;
		};
		A9DECAB17F22C566C3183280 /* Frameworks */ = {
			isa = PBXFrameworksBuildPhase;
			buildActionMask = 2147483647;
			files = (
				D3AF9DC58D4F29D8D2A8F71F /* Foundation.framework in Frameworks */,
			);
			runOnlyForDeploymentPostprocessing = 0;
		};
/* End PBXFrameworksBuildPhase section */

/* Begin PBXGroup section */
		0A6F85CF2DAE3D7D0047A006 = {
			isa = PBXGroup;
			children = (
				0A6F85DA2DAE3D7D0047A006 /* dimina */,
				0A6F85D92DAE3D7D0047A006 /* Products */,
				E07F041A9E2897B4C9F7EE93 /* Frameworks */,
				A25481309172EDD172D6037B /* diminaTests */,
			);
			sourceTree = "<group>";
		};
		0A6F85D92DAE3D7D0047A006 /* Products */ = {
			isa = PBXGroup;
			children = (
				0A6F85D82DAE3D7D0047A006 /* dimina.app */,
				5D995E363EB06797E5E3DB0D /* diminaTests.xctest */,
			);
			name = Products;
			sourceTree = "<group>";
		};
		A1A880FA1CE19FE5226DD6BF /* iOS */ = {
			isa = PBXGroup;
			children = (
				2EAA9C0614F7638987B22EAC /* Foundation.framework */,
			);
			name = iOS;
			sourceTree = "<group>";
		};
		A25481309172EDD172D6037B /* diminaTests */ = {
			isa = PBXGroup;
			children = (
				61DD3E623362F9D7264941CD /* DMPUtilPathTests.swift */,
			);
			name = diminaTests;
			path = diminaTests;
			sourceTree = "<group>";
		};
		E07F041A9E2897B4C9F7EE93 /* Frameworks */ = {
			isa = PBXGroup;
			children = (
				A1A880FA1CE19FE5226DD6BF /* iOS */,
			);
			name = Frameworks;
			sourceTree = "<group>";
		};
/* End PBXGroup section */

/* Begin PBXNativeTarget section */
		0A6F85D72DAE3D7D0047A006 /* dimina */ = {
			isa = PBXNativeTarget;
			buildConfigurationList = 0A6F85E62DAE3D7F0047A006 /* Build configuration list for PBXNativeTarget "dimina" */;
			buildPhases = (
				0A6F85D42DAE3D7D0047A006 /* Sources */,
				0A6F85D52DAE3D7D0047A006 /* Frameworks */,
				95105B9A2DDC3FF3004B4A04 /* Copy Shared Resources */,
				0A6F85D62DAE3D7D0047A006 /* Resources */,
			);
			buildRules = (
			);
			dependencies = (
			);
			fileSystemSynchronizedGroups = (
				0A6F85DA2DAE3D7D0047A006 /* dimina */,
			);
			name = dimina;
			packageProductDependencies = (
				1A2B3C4D5E6F700000000101 /* Alamofire */,
				1A2B3C4D5E6F700000000102 /* MMKV */,
				1A2B3C4D5E6F700000000103 /* ZIPFoundation */,
			);
			productName = dimina;
			productReference = 0A6F85D82DAE3D7D0047A006 /* dimina.app */;
			productType = "com.apple.product-type.application";
		};
		1117821FE0BE8D195C045561 /* diminaTests */ = {
			isa = PBXNativeTarget;
			buildConfigurationList = B2B2982469D8FB223BE46D4D /* Build configuration list for PBXNativeTarget "diminaTests" */;
			buildPhases = (
				4E8515AE7920D12C4879036D /* Sources */,
				A9DECAB17F22C566C3183280 /* Frameworks */,
				8686C926F6396745BC2C85D0 /* Resources */,
			);
			buildRules = (
			);
			dependencies = (
				21D2CF2ECD81EA695D26AD0F /* PBXTargetDependency */,
			);
			name = diminaTests;
			productName = diminaTests;
			productReference = 5D995E363EB06797E5E3DB0D /* diminaTests.xctest */;
			productType = "com.apple.product-type.bundle.unit-test";
		};
/* End PBXNativeTarget section */

/* Begin PBXProject section */
		0A6F85D02DAE3D7D0047A006 /* Project object */ = {
			isa = PBXProject;
			attributes = {
				BuildIndependentTargetsInParallel = 1;
				LastSwiftUpdateCheck = 1620;
				LastUpgradeCheck = 2650;
				TargetAttributes = {
					0A6F85D72DAE3D7D0047A006 = {
						CreatedOnToolsVersion = 16.2;
					};
				};
			};
			buildConfigurationList = 0A6F85D32DAE3D7D0047A006 /* Build configuration list for PBXProject "dimina" */;
			developmentRegion = en;
			hasScannedForEncodings = 0;
			knownRegions = (
				en,
				Base,
			);
			mainGroup = 0A6F85CF2DAE3D7D0047A006;
			minimizedProjectReferenceProxies = 1;
			packageReferences = (
				1A2B3C4D5E6F700000000201 /* XCRemoteSwiftPackageReference "Alamofire" */,
				1A2B3C4D5E6F700000000202 /* XCRemoteSwiftPackageReference "MMKV" */,
				1A2B3C4D5E6F700000000203 /* XCRemoteSwiftPackageReference "ZIPFoundation" */,
			);
			preferredProjectObjectVersion = 77;
			productRefGroup = 0A6F85D92DAE3D7D0047A006 /* Products */;
			projectDirPath = "";
			projectRoot = "";
			targets = (
				0A6F85D72DAE3D7D0047A006 /* dimina */,
				1117821FE0BE8D195C045561 /* diminaTests */,
			);
		};
/* End PBXProject section */

/* Begin PBXResourcesBuildPhase section */
		0A6F85D62DAE3D7D0047A006 /* Resources */ = {
			isa = PBXResourcesBuildPhase;
			buildActionMask = 2147483647;
			files = (
			);
			runOnlyForDeploymentPostprocessing = 0;
		};
		8686C926F6396745BC2C85D0 /* Resources */ = {
			isa = PBXResourcesBuildPhase;
			buildActionMask = 2147483647;
			files = (
			);
			runOnlyForDeploymentPostprocessing = 0;
		};
/* End PBXResourcesBuildPhase section */

/* Begin PBXShellScriptBuildPhase section */
		95105B9A2DDC3FF3004B4A04 /* Copy Shared Resources */ = {
			isa = PBXShellScriptBuildPhase;
			alwaysOutOfDate = 1;
			buildActionMask = 2147483647;
			files = (
			);
			inputFileListPaths = (
			);
			inputPaths = (
			);
			name = "Copy Shared Resources";
			outputFileListPaths = (
			);
			outputPaths = (
			);
			runOnlyForDeploymentPostprocessing = 0;
			shellPath = /bin/sh;
			shellScript = "\"${SRCROOT}/copy-shared-resources.sh\"\n";
			showEnvVarsInLog = 0;
		};
/* End PBXShellScriptBuildPhase section */

/* Begin PBXSourcesBuildPhase section */
		0A6F85D42DAE3D7D0047A006 /* Sources */ = {
			isa = PBXSourcesBuildPhase;
			buildActionMask = 2147483647;
			files = (
			);
			runOnlyForDeploymentPostprocessing = 0;
		};
		4E8515AE7920D12C4879036D /* Sources */ = {
			isa = PBXSourcesBuildPhase;
			buildActionMask = 2147483647;
			files = (
				14603AA5921BC560B952F3E9 /* DMPUtilPathTests.swift in Sources */,
			);
			runOnlyForDeploymentPostprocessing = 0;
		};
/* End PBXSourcesBuildPhase section */

/* Begin PBXTargetDependency section */
		21D2CF2ECD81EA695D26AD0F /* PBXTargetDependency */ = {
			isa = PBXTargetDependency;
			name = dimina;
			target = 0A6F85D72DAE3D7D0047A006 /* dimina */;
			targetProxy = 425BDC30CA314D645195B564 /* PBXContainerItemProxy */;
		};
/* End PBXTargetDependency section */

/* Begin XCBuildConfiguration section */
		0A6F85E42DAE3D7F0047A006 /* Debug */ = {
			isa = XCBuildConfiguration;
			buildSettings = {
				ALWAYS_SEARCH_USER_PATHS = NO;
				ASSETCATALOG_COMPILER_GENERATE_SWIFT_ASSET_SYMBOL_EXTENSIONS = YES;
				CLANG_ANALYZER_NONNULL = YES;
				CLANG_ANALYZER_NUMBER_OBJECT_CONVERSION = YES_AGGRESSIVE;
				CLANG_CXX_LANGUAGE_STANDARD = "gnu++20";
				CLANG_ENABLE_MODULES = YES;
				CLANG_ENABLE_OBJC_ARC = YES;
				CLANG_ENABLE_OBJC_WEAK = YES;
				CLANG_WARN_BLOCK_CAPTURE_AUTORELEASING = YES;
				CLANG_WARN_BOOL_CONVERSION = YES;
				CLANG_WARN_COMMA = YES;
				CLANG_WARN_CONSTANT_CONVERSION = YES;
				CLANG_WARN_DEPRECATED_OBJC_IMPLEMENTATIONS = YES;
				CLANG_WARN_DIRECT_OBJC_ISA_USAGE = YES_ERROR;
				CLANG_WARN_DOCUMENTATION_COMMENTS = YES;
				CLANG_WARN_EMPTY_BODY = YES;
				CLANG_WARN_ENUM_CONVERSION = YES;
				CLANG_WARN_INFINITE_RECURSION = YES;
				CLANG_WARN_INT_CONVERSION = YES;
				CLANG_WARN_NON_LITERAL_NULL_CONVERSION = YES;
				CLANG_WARN_OBJC_IMPLICIT_RETAIN_SELF = YES;
				CLANG_WARN_OBJC_LITERAL_CONVERSION = YES;
				CLANG_WARN_OBJC_ROOT_CLASS = YES_ERROR;
				CLANG_WARN_QUOTED_INCLUDE_IN_FRAMEWORK_HEADER = YES;
				CLANG_WARN_RANGE_LOOP_ANALYSIS = YES;
				CLANG_WARN_STRICT_PROTOTYPES = YES;
				CLANG_WARN_SUSPICIOUS_MOVE = YES;
				CLANG_WARN_UNGUARDED_AVAILABILITY = YES_AGGRESSIVE;
				CLANG_WARN_UNREACHABLE_CODE = YES;
				CLANG_WARN__DUPLICATE_METHOD_MATCH = YES;
				COPY_PHASE_STRIP = NO;
				DEBUG_INFORMATION_FORMAT = dwarf;
				ENABLE_STRICT_OBJC_MSGSEND = YES;
				ENABLE_TESTABILITY = YES;
				ENABLE_USER_SCRIPT_SANDBOXING = YES;
				GCC_C_LANGUAGE_STANDARD = gnu17;
				GCC_DYNAMIC_NO_PIC = NO;
				GCC_NO_COMMON_BLOCKS = YES;
				GCC_OPTIMIZATION_LEVEL = 0;
				GCC_PREPROCESSOR_DEFINITIONS = (
					"DEBUG=1",
					"$(inherited)",
				);
				GCC_WARN_64_TO_32_BIT_CONVERSION = YES;
				GCC_WARN_ABOUT_RETURN_TYPE = YES_ERROR;
				GCC_WARN_UNDECLARED_SELECTOR = YES;
				GCC_WARN_UNINITIALIZED_AUTOS = YES_AGGRESSIVE;
				GCC_WARN_UNUSED_FUNCTION = YES;
				GCC_WARN_UNUSED_VARIABLE = YES;
				IPHONEOS_DEPLOYMENT_TARGET = 18.2;
				LOCALIZATION_PREFERS_STRING_CATALOGS = YES;
				MTL_ENABLE_DEBUG_INFO = INCLUDE_SOURCE;
				MTL_FAST_MATH = YES;
				ONLY_ACTIVE_ARCH = YES;
				SDKROOT = iphoneos;
				STRING_CATALOG_GENERATE_SYMBOLS = YES;
				SWIFT_ACTIVE_COMPILATION_CONDITIONS = "DEBUG $(inherited)";
				SWIFT_OPTIMIZATION_LEVEL = "-Onone";
			};
			name = Debug;
		};
		0A6F85E52DAE3D7F0047A006 /* Release */ = {
			isa = XCBuildConfiguration;
			buildSettings = {
				ALWAYS_SEARCH_USER_PATHS = NO;
				ASSETCATALOG_COMPILER_GENERATE_SWIFT_ASSET_SYMBOL_EXTENSIONS = YES;
				CLANG_ANALYZER_NONNULL = YES;
				CLANG_ANALYZER_NUMBER_OBJECT_CONVERSION = YES_AGGRESSIVE;
				CLANG_CXX_LANGUAGE_STANDARD = "gnu++20";
				CLANG_ENABLE_MODULES = YES;
				CLANG_ENABLE_OBJC_ARC = YES;
				CLANG_ENABLE_OBJC_WEAK = YES;
				CLANG_WARN_BLOCK_CAPTURE_AUTORELEASING = YES;
				CLANG_WARN_BOOL_CONVERSION = YES;
				CLANG_WARN_COMMA = YES;
				CLANG_WARN_CONSTANT_CONVERSION = YES;
				CLANG_WARN_DEPRECATED_OBJC_IMPLEMENTATIONS = YES;
				CLANG_WARN_DIRECT_OBJC_ISA_USAGE = YES_ERROR;
				CLANG_WARN_DOCUMENTATION_COMMENTS = YES;
				CLANG_WARN_EMPTY_BODY = YES;
				CLANG_WARN_ENUM_CONVERSION = YES;
				CLANG_WARN_INFINITE_RECURSION = YES;
				CLANG_WARN_INT_CONVERSION = YES;
				CLANG_WARN_NON_LITERAL_NULL_CONVERSION = YES;
				CLANG_WARN_OBJC_IMPLICIT_RETAIN_SELF = YES;
				CLANG_WARN_OBJC_LITERAL_CONVERSION = YES;
				CLANG_WARN_OBJC_ROOT_CLASS = YES_ERROR;
				CLANG_WARN_QUOTED_INCLUDE_IN_FRAMEWORK_HEADER = YES;
				CLANG_WARN_RANGE_LOOP_ANALYSIS = YES;
				CLANG_WARN_STRICT_PROTOTYPES = YES;
				CLANG_WARN_SUSPICIOUS_MOVE = YES;
				CLANG_WARN_UNGUARDED_AVAILABILITY = YES_AGGRESSIVE;
				CLANG_WARN_UNREACHABLE_CODE = YES;
				CLANG_WARN__DUPLICATE_METHOD_MATCH = YES;
				COPY_PHASE_STRIP = NO;
				DEBUG_INFORMATION_FORMAT = "dwarf-with-dsym";
				ENABLE_NS_ASSERTIONS = NO;
				ENABLE_STRICT_OBJC_MSGSEND = YES;
				ENABLE_USER_SCRIPT_SANDBOXING = YES;
				GCC_C_LANGUAGE_STANDARD = gnu17;
				GCC_NO_COMMON_BLOCKS = YES;
				GCC_WARN_64_TO_32_BIT_CONVERSION = YES;
				GCC_WARN_ABOUT_RETURN_TYPE = YES_ERROR;
				GCC_WARN_UNDECLARED_SELECTOR = YES;
				GCC_WARN_UNINITIALIZED_AUTOS = YES_AGGRESSIVE;
				GCC_WARN_UNUSED_FUNCTION = YES;
				GCC_WARN_UNUSED_VARIABLE = YES;
				IPHONEOS_DEPLOYMENT_TARGET = 18.2;
				LOCALIZATION_PREFERS_STRING_CATALOGS = YES;
				MTL_ENABLE_DEBUG_INFO = NO;
				MTL_FAST_MATH = YES;
				SDKROOT = iphoneos;
				STRING_CATALOG_GENERATE_SYMBOLS = YES;
				SWIFT_COMPILATION_MODE = wholemodule;
				VALIDATE_PRODUCT = YES;
			};
			name = Release;
		};
		0A6F85E72DAE3D7F0047A006 /* Debug */ = {
			isa = XCBuildConfiguration;
			buildSettings = {
				ASSETCATALOG_COMPILER_APPICON_NAME = AppIcon;
				ASSETCATALOG_COMPILER_GLOBAL_ACCENT_COLOR_NAME = AccentColor;
				"CODE_SIGNING_ALLOWED[sdk=iphonesimulator*]" = NO;
				CODE_SIGN_IDENTITY = "Apple Development";
				CODE_SIGN_STYLE = Automatic;
				CURRENT_PROJECT_VERSION = 1;
				DEVELOPMENT_ASSET_PATHS = "\"dimina/Preview Content\"";
				DEVELOPMENT_TEAM = "";
				ENABLE_PREVIEWS = YES;
				ENABLE_USER_SCRIPT_SANDBOXING = NO;
				GENERATE_INFOPLIST_FILE = NO;
				INFOPLIST_FILE = Info.plist;
				INFOPLIST_KEY_NSCameraUsageDescription = "Dimina NSCameraUsageDescription";
				INFOPLIST_KEY_NSMicrophoneUsageDescription = "Dimina NSMicrophoneUsageDescription";
				INFOPLIST_KEY_NSPhotoLibraryUsageDescription = "Dimina NSPhotoLibraryUsageDescription";
				INFOPLIST_KEY_UIApplicationSceneManifest_Generation = YES;
				INFOPLIST_KEY_UIApplicationSupportsIndirectInputEvents = YES;
				INFOPLIST_KEY_UILaunchScreen_Generation = YES;
				INFOPLIST_KEY_UISupportedInterfaceOrientations_iPad = "UIInterfaceOrientationPortrait UIInterfaceOrientationPortraitUpsideDown UIInterfaceOrientationLandscapeLeft UIInterfaceOrientationLandscapeRight";
				INFOPLIST_KEY_UISupportedInterfaceOrientations_iPhone = "UIInterfaceOrientationPortrait UIInterfaceOrientationLandscapeLeft UIInterfaceOrientationLandscapeRight";
				IPHONEOS_DEPLOYMENT_TARGET = 14.0;
				LD_RUNPATH_SEARCH_PATHS = (
					"$(inherited)",
					"@executable_path/Frameworks",
				);
				MARKETING_VERSION = 1.4.1;
				PRODUCT_BUNDLE_IDENTIFIER = com.didi.dimina;
				PRODUCT_NAME = "$(TARGET_NAME)";
				PROVISIONING_PROFILE_SPECIFIER = "";
				SWIFT_EMIT_LOC_STRINGS = YES;
				SWIFT_VERSION = 5.0;
				TARGETED_DEVICE_FAMILY = "1,2";
			};
			name = Debug;
		};
		0A6F85E82DAE3D7F0047A006 /* Release */ = {
			isa = XCBuildConfiguration;
			buildSettings = {
				ASSETCATALOG_COMPILER_APPICON_NAME = AppIcon;
				ASSETCATALOG_COMPILER_GLOBAL_ACCENT_COLOR_NAME = AccentColor;
				"CODE_SIGNING_ALLOWED[sdk=iphonesimulator*]" = NO;
				CODE_SIGN_IDENTITY = "Apple Development";
				CODE_SIGN_STYLE = Automatic;
				CURRENT_PROJECT_VERSION = 1;
				DEVELOPMENT_ASSET_PATHS = "\"dimina/Preview Content\"";
				DEVELOPMENT_TEAM = "";
				ENABLE_PREVIEWS = YES;
				ENABLE_USER_SCRIPT_SANDBOXING = NO;
				GENERATE_INFOPLIST_FILE = NO;
				INFOPLIST_FILE = Info.plist;
				INFOPLIST_KEY_NSCameraUsageDescription = "Dimina NSCameraUsageDescription";
				INFOPLIST_KEY_NSMicrophoneUsageDescription = "Dimina NSMicrophoneUsageDescription";
				INFOPLIST_KEY_NSPhotoLibraryUsageDescription = "Dimina NSPhotoLibraryUsageDescription";
				INFOPLIST_KEY_UIApplicationSceneManifest_Generation = YES;
				INFOPLIST_KEY_UIApplicationSupportsIndirectInputEvents = YES;
				INFOPLIST_KEY_UILaunchScreen_Generation = YES;
				INFOPLIST_KEY_UISupportedInterfaceOrientations_iPad = "UIInterfaceOrientationPortrait UIInterfaceOrientationPortraitUpsideDown UIInterfaceOrientationLandscapeLeft UIInterfaceOrientationLandscapeRight";
				INFOPLIST_KEY_UISupportedInterfaceOrientations_iPhone = "UIInterfaceOrientationPortrait UIInterfaceOrientationLandscapeLeft UIInterfaceOrientationLandscapeRight";
				IPHONEOS_DEPLOYMENT_TARGET = 14.0;
				LD_RUNPATH_SEARCH_PATHS = (
					"$(inherited)",
					"@executable_path/Frameworks",
				);
				MARKETING_VERSION = 1.4.1;
				PRODUCT_BUNDLE_IDENTIFIER = com.didi.dimina;
				PRODUCT_NAME = "$(TARGET_NAME)";
				PROVISIONING_PROFILE_SPECIFIER = "";
				SWIFT_EMIT_LOC_STRINGS = YES;
				SWIFT_VERSION = 5.0;
				TARGETED_DEVICE_FAMILY = "1,2";
			};
			name = Release;
		};
		410698C041695C27E7C612D8 /* Debug */ = {
			isa = XCBuildConfiguration;
			buildSettings = {
				ALWAYS_EMBED_SWIFT_STANDARD_LIBRARIES = YES;
				BUNDLE_LOADER = "$(TEST_HOST)";
				CLANG_ENABLE_OBJC_WEAK = NO;
				"CODE_SIGNING_ALLOWED[sdk=iphonesimulator*]" = NO;
				CODE_SIGN_IDENTITY = "Apple Development";
				CODE_SIGN_STYLE = Automatic;
				DEVELOPMENT_TEAM = "";
				GENERATE_INFOPLIST_FILE = YES;
				IPHONEOS_DEPLOYMENT_TARGET = 14.0;
				PRODUCT_BUNDLE_IDENTIFIER = com.didi.dimina.diminaTests;
				PRODUCT_NAME = "$(TARGET_NAME)";
				SDKROOT = iphoneos;
				SWIFT_VERSION = 5.0;
				TARGETED_DEVICE_FAMILY = "1,2";
				TEST_HOST = "$(BUILT_PRODUCTS_DIR)/dimina.app/dimina";
			};
			name = Debug;
		};
		BDBAD9C9F0C0C97BA6E50B44 /* Release */ = {
			isa = XCBuildConfiguration;
			buildSettings = {
				ALWAYS_EMBED_SWIFT_STANDARD_LIBRARIES = YES;
				BUNDLE_LOADER = "$(TEST_HOST)";
				CLANG_ENABLE_OBJC_WEAK = NO;
				"CODE_SIGNING_ALLOWED[sdk=iphonesimulator*]" = NO;
				CODE_SIGN_IDENTITY = "Apple Development";
				CODE_SIGN_STYLE = Automatic;
				DEVELOPMENT_TEAM = "";
				GENERATE_INFOPLIST_FILE = YES;
				IPHONEOS_DEPLOYMENT_TARGET = 14.0;
				PRODUCT_BUNDLE_IDENTIFIER = com.didi.dimina.diminaTests;
				PRODUCT_NAME = "$(TARGET_NAME)";
				SDKROOT = iphoneos;
				SWIFT_VERSION = 5.0;
				TARGETED_DEVICE_FAMILY = "1,2";
				TEST_HOST = "$(BUILT_PRODUCTS_DIR)/dimina.app/dimina";
				VALIDATE_PRODUCT = YES;
			};
			name = Release;
		};
/* End XCBuildConfiguration section */

/* Begin XCConfigurationList section */
		0A6F85D32DAE3D7D0047A006 /* Build configuration list for PBXProject "dimina" */ = {
			isa = XCConfigurationList;
			buildConfigurations = (
				0A6F85E42DAE3D7F0047A006 /* Debug */,
				0A6F85E52DAE3D7F0047A006 /* Release */,
			);
			defaultConfigurationIsVisible = 0;
			defaultConfigurationName = Release;
		};
		0A6F85E62DAE3D7F0047A006 /* Build configuration list for PBXNativeTarget "dimina" */ = {
			isa = XCConfigurationList;
			buildConfigurations = (
				0A6F85E72DAE3D7F0047A006 /* Debug */,
				0A6F85E82DAE3D7F0047A006 /* Release */,
			);
			defaultConfigurationIsVisible = 0;
			defaultConfigurationName = Release;
		};
		B2B2982469D8FB223BE46D4D /* Build configuration list for PBXNativeTarget "diminaTests" */ = {
			isa = XCConfigurationList;
			buildConfigurations = (
				BDBAD9C9F0C0C97BA6E50B44 /* Release */,
				410698C041695C27E7C612D8 /* Debug */,
			);
			defaultConfigurationIsVisible = 0;
			defaultConfigurationName = Release;
		};
/* End XCConfigurationList section */

/* Begin XCRemoteSwiftPackageReference section */
		1A2B3C4D5E6F700000000201 /* XCRemoteSwiftPackageReference "Alamofire" */ = {
			isa = XCRemoteSwiftPackageReference;
			repositoryURL = "https://github.com/Alamofire/Alamofire.git";
			requirement = {
				kind = exactVersion;
				version = 5.12.0;
			};
		};
		1A2B3C4D5E6F700000000202 /* XCRemoteSwiftPackageReference "MMKV" */ = {
			isa = XCRemoteSwiftPackageReference;
			repositoryURL = "https://github.com/Tencent/MMKV.git";
			requirement = {
				kind = exactVersion;
				version = 2.4.0;
			};
		};
		1A2B3C4D5E6F700000000203 /* XCRemoteSwiftPackageReference "ZIPFoundation" */ = {
			isa = XCRemoteSwiftPackageReference;
			repositoryURL = "https://github.com/weichsel/ZIPFoundation.git";
			requirement = {
				kind = exactVersion;
				version = 0.9.20;
			};
		};
/* End XCRemoteSwiftPackageReference section */

/* Begin XCSwiftPackageProductDependency section */
		1A2B3C4D5E6F700000000101 /* Alamofire */ = {
			isa = XCSwiftPackageProductDependency;
			package = 1A2B3C4D5E6F700000000201 /* XCRemoteSwiftPackageReference "Alamofire" */;
			productName = Alamofire;
		};
		1A2B3C4D5E6F700000000102 /* MMKV */ = {
			isa = XCSwiftPackageProductDependency;
			package = 1A2B3C4D5E6F700000000202 /* XCRemoteSwiftPackageReference "MMKV" */;
			productName = MMKV;
		};
		1A2B3C4D5E6F700000000103 /* ZIPFoundation */ = {
			isa = XCSwiftPackageProductDependency;
			package = 1A2B3C4D5E6F700000000203 /* XCRemoteSwiftPackageReference "ZIPFoundation" */;
			productName = ZIPFoundation;
		};
/* End XCSwiftPackageProductDependency section */
	};
	rootObject = 0A6F85D02DAE3D7D0047A006 /* Project object */;
}
